// !$*UTF8*$!
{
	archiveVersion = 1;
	classes = {
	};
	objectVersion = 50;
	objects = {

/* Begin PBXBuildFile section */
		B318C5A121CB2CD5007E0C35 /* AppDelegate.swift in Sources */ = {isa = PBXBuildFile; fileRef = B318C5A021CB2CD5007E0C35 /* AppDelegate.swift */; };
		B318C5A321CB2CD5007E0C35 /* ViewController.swift in Sources */ = {isa = PBXBuildFile; fileRef = B318C5A221CB2CD5007E0C35 /* ViewController.swift */; };
		B318C5A621CB2CD5007E0C35 /* Main.storyboard in Resources */ = {isa = PBXBuildFile; fileRef = B318C5A421CB2CD5007E0C35 /* Main.storyboard */; };
		B318C5A821CB2CD6007E0C35 /* Assets.xcassets in Resources */ = {isa = PBXBuildFile; fileRef = B318C5A721CB2CD6007E0C35 /* Assets.xcassets */; };
		B318C5AB21CB2CD6007E0C35 /* LaunchScreen.storyboard in Resources */ = {isa = PBXBuildFile; fileRef = B318C5A921CB2CD6007E0C35 /* LaunchScreen.storyboard */; };
		B318C5B421CB2D06007E0C35 /* KCNetworking.swift in Sources */ = {isa = PBXBuildFile; fileRef = B318C5B321CB2D06007E0C35 /* KCNetworking.swift */; };
		B318C5B621CB3534007E0C35 /* KCNetworkRequestSerializer.swift in Sources */ = {isa = PBXBuildFile; fileRef = B318C5B521CB3534007E0C35 /* KCNetworkRequestSerializer.swift */; };
		B318C5B821CB4104007E0C35 /* KCNetworkResponseSerializer.swift in Sources */ = {isa = PBXBuildFile; fileRef = B318C5B721CB4104007E0C35 /* KCNetworkResponseSerializer.swift */; };
		B318C5BA21CB9589007E0C35 /* KCNetworkSessionManager.swift in Sources */ = {isa = PBXBuildFile; fileRef = B318C5B921CB9589007E0C35 /* KCNetworkSessionManager.swift */; };
/* End PBXBuildFile section */

/* Begin PBXFileReference section */
		B318C59D21CB2CD5007E0C35 /* KCNetworkDemo.app */ = {isa = PBXFileReference; explicitFileType = wrapper.application; includeInIndex = 0; path = KCNetworkDemo.app; sourceTree = BUILT_PRODUCTS_DIR; };
		B318C5A021CB2CD5007E0C35 /* AppDelegate.swift */ = {isa = PBXFileReference; lastKnownFileType = sourcecode.swift; path = AppDelegate.swift; sourceTree = "<group>"; };
		B318C5A221CB2CD5007E0C35 /* ViewController.swift */ = {isa = PBXFileReference; lastKnownFileType = sourcecode.swift; path = ViewController.swift; sourceTree = "<group>"; };
		B318C5A521CB2CD5007E0C35 /* Base */ = {isa = PBXFileReference; lastKnownFileType = file.storyboard; name = Base; path = Base.lproj/Main.storyboard; sourceTree = "<group>"; };
		B318C5A721CB2CD6007E0C35 /* Assets.xcassets */ = {isa = PBXFileReference; lastKnownFileType = folder.assetcatalog; path = Assets.xcassets; sourceTree = "<group>"; };
		B318C5AA21CB2CD6007E0C35 /* Base */ = {isa = PBXFileReference; lastKnownFileType = file.storyboard; name = Base; path = Base.lproj/LaunchScreen.storyboard; sourceTree = "<group>"; };
		B318C5AC21CB2CD6007E0C35 /* Info.plist */ = {isa = PBXFileReference; lastKnownFileType = text.plist.xml; path = Info.plist; sourceTree = "<group>"; };
		B318C5B321CB2D06007E0C35 /* KCNetworking.swift */ = {isa = PBXFileReference; lastKnownFileType = sourcecode.swift; path = KCNetworking.swift; sourceTree = "<group>"; };
		B318C5B521CB3534007E0C35 /* KCNetworkRequestSerializer.swift */ = {isa = PBXFileReference; lastKnownFileType = sourcecode.swift; path = KCNetworkRequestSerializer.swift; sourceTree = "<group>"; };
		B318C5B721CB4104007E0C35 /* KCNetworkResponseSerializer.swift */ = {isa = PBXFileReference; lastKnownFileType = sourcecode.swift; path = KCNetworkResponseSerializer.swift; sourceTree = "<group>"; };
		B318C5B921CB9589007E0C35 /* KCNetworkSessionManager.swift */ = {isa = PBXFileReference; lastKnownFileType = sourcecode.swift; path = KCNetworkSessionManager.swift; sourceTree = "<group>"; };
/* End PBXFileReference section */

/* Begin PBXFrameworksBuildPhase section */
		B318C59A21CB2CD5007E0C35 /* Frameworks */ = {
			isa = PBXFrameworksBuildPhase;
			buildActionMask = 2147483647;
			files = (
			);
			runOnlyForDeploymentPostprocessing = 0;
		};
/* End PBXFrameworksBuildPhase section */

/* Begin PBXGroup section */
		B318C59421CB2CD5007E0C35 = {
			isa = PBXGroup;
			children = (
				B318C59F21CB2CD5007E0C35 /* KCNetworkDemo */,
				B318C59E21CB2CD5007E0C35 /* Products */,
			);
			sourceTree = "<group>";
		};
		B318C59E21CB2CD5007E0C35 /* Products */ = {
			isa = PBXGroup;
			children = (
				B318C59D21CB2CD5007E0C35 /* KCNetworkDemo.app */,
			);
			name = Products;
			sourceTree = "<group>";
		};
		B318C59F21CB2CD5007E0C35 /* KCNetworkDemo */ = {
			isa = PBXGroup;
			children = (
				B318C5B221CB2CDF007E0C35 /* KCNetwork */,
				B318C5A021CB2CD5007E0C35 /* AppDelegate.swift */,
				B318C5A221CB2CD5007E0C35 /* ViewController.swift */,
				B318C5A421CB2CD5007E0C35 /* Main.storyboard */,
				B318C5A721CB2CD6007E0C35 /* Assets.xcassets */,
				B318C5A921CB2CD6007E0C35 /* LaunchScreen.storyboard */,
				B318C5AC21CB2CD6007E0C35 /* Info.plist */,
			);
			path = KCNetworkDemo;
			sourceTree = "<group>";
		};
		B318C5B221CB2CDF007E0C35 /* KCNetwork */ = {
			isa = PBXGroup;
			children = (
				B318C5B321CB2D06007E0C35 /* KCNetworking.swift */,
				B318C5B521CB3534007E0C35 /* KCNetworkRequestSerializer.swift */,
				B318C5B721CB4104007E0C35 /* KCNetworkResponseSerializer.swift */,
				B318C5B921CB9589007E0C35 /* KCNetworkSessionManager.swift */,
			);
			path = KCNetwork;
			sourceTree = "<group>";
		};
/* End PBXGroup section */

/* Begin PBXNativeTarget section */
		B318C59C21CB2CD5007E0C35 /* KCNetworkDemo */ = {
			isa = PBXNativeTarget;
			buildConfigurationList = B318C5AF21CB2CD6007E0C35 /* Build configuration list for PBXNativeTarget "KCNetworkDemo" */;
			buildPhases = (
				B318C59921CB2CD5007E0C35 /* Sources */,
				B318C59A21CB2CD5007E0C35 /* Frameworks */,
				B318C59B21CB2CD5007E0C35 /* Resources */,
			);
			buildRules = (
			);
			dependencies = (
			);
			name = KCNetworkDemo;
			productName = KCNetworkDemo;
			productReference = B318C59D21CB2CD5007E0C35 /* KCNetworkDemo.app */;
			productType = "com.apple.product-type.application";
		};
/* End PBXNativeTarget section */

/* Begin PBXProject section */
		B318C59521CB2CD5007E0C35 /* Project object */ = {
			isa = PBXProject;
			attributes = {
				LastSwiftUpdateCheck = 1010;
				LastUpgradeCheck = 1010;
				ORGANIZATIONNAME = "©2018 STAIONING BLOCK CHAIN Inc.";
				TargetAttributes = {
					B318C59C21CB2CD5007E0C35 = {
						CreatedOnToolsVersion = 10.1;
					};
				};
			};
			buildConfigurationList = B318C59821CB2CD5007E0C35 /* Build configuration list for PBXProject "KCNetworkDemo" */;
			compatibilityVersion = "Xcode 9.3";
			developmentRegion = en;
			hasScannedForEncodings = 0;
			knownRegions = (
				en,
				Base,
			);
			mainGroup = B318C59421CB2CD5007E0C35;
			productRefGroup = B318C59E21CB2CD5007E0C35 /* Products */;
			projectDirPath = "";
			projectRoot = "";
			targets = (
				B318C59C21CB2CD5007E0C35 /* KCNetworkDemo */,
			);
		};
/* End PBXProject section */

/* Begin PBXResourcesBuildPhase section */
		B318C59B21CB2CD5007E0C35 /* Resources */ = {
			isa = PBXResourcesBuildPhase;
			buildActionMask = 2147483647;
			files = (
				B318C5AB21CB2CD6007E0C35 /* LaunchScreen.storyboard in Resources */,
				B318C5A821CB2CD6007E0C35 /* Assets.xcassets in Resources */,
				B318C5A621CB2CD5007E0C35 /* Main.storyboard in Resources */,
			);
			runOnlyForDeploymentPostprocessing = 0;
		};
/* End PBXResourcesBuildPhase section */

/* Begin PBXSourcesBuildPhase section */
		B318C59921CB2CD5007E0C35 /* Sources */ = {
			isa = PBXSourcesBuildPhase;
			buildActionMask = 2147483647;
			files = (
				B318C5B621CB3534007E0C35 /* KCNetworkRequestSerializer.swift in Sources */,
				B318C5B821CB4104007E0C35 /* KCNetworkResponseSerializer.swift in Sources */,
				B318C5A321CB2CD5007E0C35 /* ViewController.swift in Sources */,
				B318C5BA21CB9589007E0C35 /* KCNetworkSessionManager.swift in Sources */,
				B318C5A121CB2CD5007E0C35 /* AppDelegate.swift in Sources */,
				B318C5B421CB2D06007E0C35 /* KCNetworking.swift in Sources */,
			);
			runOnlyForDeploymentPostprocessing = 0;
		};
/* End PBXSourcesBuildPhase section */

/* Begin PBXVariantGroup section */
		B318C5A421CB2CD5007E0C35 /* Main.storyboard */ = {
			isa = PBXVariantGroup;
			children = (
				B318C5A521CB2CD5007E0C35 /* Base */,
			);
			name = Main.storyboard;
			sourceTree = "<group>";
		};
		B318C5A921CB2CD6007E0C35 /* LaunchScreen.storyboard */ = {
			isa = PBXVariantGroup;
			children = (
				B318C5AA21CB2CD6007E0C35 /* Base */,
			);
			name = LaunchScreen.storyboard;
			sourceTree = "<group>";
		};
/* End PBXVariantGroup section */

/* Begin XCBuildConfiguration section */
		B318C5AD21CB2CD6007E0C35 /* Debug */ = {
			isa = XCBuildConfiguration;
			buildSettings = {
				ALWAYS_SEARCH_USER_PATHS = NO;
				CLANG_ANALYZER_NONNULL = YES;
				CLANG_ANALYZER_NUMBER_OBJECT_CONVERSION = YES_AGGRESSIVE;
				CLANG_CXX_LANGUAGE_STANDARD = "gnu++14";
				CLANG_CXX_LIBRARY = "libc++";
				CLANG_ENABLE_MODULES = YES;
				CLANG_ENABLE_OBJC_ARC = YES;
				CLANG_ENABLE_OBJC_WEAK = YES;
				CLANG_WARN_BLOCK_CAPTURE_AUTORELEASING = YES;
				CLANG_WARN_BOOL_CONVERSION = YES;
				CLANG_WARN_COMMA = YES;
				CLANG_WARN_CONSTANT_CONVERSION = YES;
				CLANG_WARN_DEPRECATED_OBJC_IMPLEMENTATIONS = YES;
				CLANG_WARN_DIRECT_OBJC_ISA_USAGE = YES_ERROR;
				CLANG_WARN_DOCUMENTATION_COMMENTS = YES;
				CLANG_WARN_EMPTY_BODY = YES;
				CLANG_WARN_ENUM_CONVERSION = YES;
				CLANG_WARN_INFINITE_RECURSION = YES;
				CLANG_WARN_INT_CONVERSION = YES;
				CLANG_WARN_NON_LITERAL_NULL_CONVERSION = YES;
				CLANG_WARN_OBJC_IMPLICIT_RETAIN_SELF = YES;
				CLANG_WARN_OBJC_LITERAL_CONVERSION = YES;
				CLANG_WARN_OBJC_ROOT_CLASS = YES_ERROR;
				CLANG_WARN_RANGE_LOOP_ANALYSIS = YES;
				CLANG_WARN_STRICT_PROTOTYPES = YES;
				CLANG_WARN_SUSPICIOUS_MOVE = YES;
				CLANG_WARN_UNGUARDED_AVAILABILITY = YES_AGGRESSIVE;
				CLANG_WARN_UNREACHABLE_CODE = YES;
				CLANG_WARN__DUPLICATE_METHOD_MATCH = YES;
				CODE_SIGN_IDENTITY = "iPhone Developer";
				COPY_PHASE_STRIP = NO;
				DEBUG_INFORMATION_FORMAT = dwarf;
				ENABLE_STRICT_OBJC_MSGSEND = YES;
				ENABLE_TESTABILITY = YES;
				GCC_C_LANGUAGE_STANDARD = gnu11;
				GCC_DYNAMIC_NO_PIC = NO;
				GCC_NO_COMMON_BLOCKS = YES;
				GCC_OPTIMIZATION_LEVEL = 0;
				GCC_PREPROCESSOR_DEFINITIONS = (
					"DEBUG=1",
					"$(inherited)",
				);
				GCC_WARN_64_TO_32_BIT_CONVERSION = YES;
				GCC_WARN_ABOUT_RETURN_TYPE = YES_ERROR;
				GCC_WARN_UNDECLARED_SELECTOR = YES;
				GCC_WARN_UNINITIALIZED_AUTOS = YES_AGGRESSIVE;
				GCC_WARN_UNUSED_FUNCTION = YES;
				GCC_WARN_UNUSED_VARIABLE = YES;
				IPHONEOS_DEPLOYMENT_TARGET = 12.1;
				MTL_ENABLE_DEBUG_INFO = INCLUDE_SOURCE;
				MTL_FAST_MATH = YES;
				ONLY_ACTIVE_ARCH = YES;
				SDKROOT = iphoneos;
				SWIFT_ACTIVE_COMPILATION_CONDITIONS = DEBUG;
				SWIFT_OPTIMIZATION_LEVEL = "-Onone";
			};
			name = Debug;
		};
		B318C5AE21CB2CD6007E0C35 /* Release */ = {
			isa = XCBuildConfiguration;
			buildSettings = {
				ALWAYS_SEARCH_USER_PATHS = NO;
				CLANG_ANALYZER_NONNULL = YES;
				CLANG_ANALYZER_NUMBER_OBJECT_CONVERSION = YES_AGGRESSIVE;
				CLANG_CXX_LANGUAGE_STANDARD = "gnu++14";
				CLANG_CXX_LIBRARY = "libc++";
				CLANG_ENABLE_MODULES = YES;
				CLANG_ENABLE_OBJC_ARC = YES;
				CLANG_ENABLE_OBJC_WEAK = YES;
				CLANG_WARN_BLOCK_CAPTURE_AUTORELEASING = YES;
				CLANG_WARN_BOOL_CONVERSION = YES;
				CLANG_WARN_COMMA = YES;
				CLANG_WARN_CONSTANT_CONVERSION = YES;
				CLANG_WARN_DEPRECATED_OBJC_IMPLEMENTATIONS = YES;
				CLANG_WARN_DIRECT_OBJC_ISA_USAGE = YES_ERROR;
				CLANG_WARN_DOCUMENTATION_COMMENTS = YES;
				CLANG_WARN_EMPTY_BODY = YES;
				CLANG_WARN_ENUM_CONVERSION = YES;
				CLANG_WARN_INFINITE_RECURSION = YES;
				CLANG_WARN_INT_CONVERSION = YES;
				CLANG_WARN_NON_LITERAL_NULL_CONVERSION = YES;
				CLANG_WARN_OBJC_IMPLICIT_RETAIN_SELF = YES;
				CLANG_WARN_OBJC_LITERAL_CONVERSION = YES;
				CLANG_WARN_OBJC_ROOT_CLASS = YES_ERROR;
				CLANG_WARN_RANGE_LOOP_ANALYSIS = YES;
				CLANG_WARN_STRICT_PROTOTYPES = YES;
				CLANG_WARN_SUSPICIOUS_MOVE = YES;
				CLANG_WARN_UNGUARDED_AVAILABILITY = YES_AGGRESSIVE;
				CLANG_WARN_UNREACHABLE_CODE = YES;
				CLANG_WARN__DUPLICATE_METHOD_MATCH = YES;
				CODE_SIGN_IDENTITY = "iPhone Developer";
				COPY_PHASE_STRIP = NO;
				DEBUG_INFORMATION_FORMAT = "dwarf-with-dsym";
				ENABLE_NS_ASSERTIONS = NO;
				ENABLE_STRICT_OBJC_MSGSEND = YES;
				GCC_C_LANGUAGE_STANDARD = gnu11;
				GCC_NO_COMMON_BLOCKS = YES;
				GCC_WARN_64_TO_32_BIT_CONVERSION = YES;
				GCC_WARN_ABOUT_RETURN_TYPE = YES_ERROR;
				GCC_WARN_UNDECLARED_SELECTOR = YES;
				GCC_WARN_UNINITIALIZED_AUTOS = YES_AGGRESSIVE;
				GCC_WARN_UNUSED_FUNCTION = YES;
				GCC_WARN_UNUSED_VARIABLE = YES;
				IPHONEOS_DEPLOYMENT_TARGET = 12.1;
				MTL_ENABLE_DEBUG_INFO = NO;
				MTL_FAST_MATH = YES;
				SDKROOT = iphoneos;
				SWIFT_COMPILATION_MODE = wholemodule;
				SWIFT_OPTIMIZATION_LEVEL = "-O";
				VALIDATE_PRODUCT = YES;
			};
			name = Release;
		};
		B318C5B021CB2CD6007E0C35 /* Debug */ = {
			isa = XCBuildConfiguration;
			buildSettings = {
				ASSETCATALOG_COMPILER_APPICON_NAME = AppIcon;
				CODE_SIGN_STYLE = Automatic;
				DEVELOPMENT_TEAM = T5J963246D;
				INFOPLIST_FILE = KCNetworkDemo/Info.plist;
				LD_RUNPATH_SEARCH_PATHS = (
					"$(inherited)",
					"@executable_path/Frameworks",
				);
				PRODUCT_BUNDLE_IDENTIFIER = com.budian.KCNetworkDemo;
				PRODUCT_NAME = "$(TARGET_NAME)";
				SWIFT_VERSION = 4.2;
				TARGETED_DEVICE_FAMILY = "1,2";
			};
			name = Debug;
		};
		B318C5B121CB2CD6007E0C35 /* Release */ = {
			isa = XCBuildConfiguration;
			buildSettings = {
				ASSETCATALOG_COMPILER_APPICON_NAME = AppIcon;
				CODE_SIGN_STYLE = Automatic;
				DEVELOPMENT_TEAM = T5J963246D;
				INFOPLIST_FILE = KCNetworkDemo/Info.plist;
				LD_RUNPATH_SEARCH_PATHS = (
					"$(inherited)",
					"@executable_path/Frameworks",
				);
				PRODUCT_BUNDLE_IDENTIFIER = com.budian.KCNetworkDemo;
				PRODUCT_NAME = "$(TARGET_NAME)";
				SWIFT_VERSION = 4.2;
				TARGETED_DEVICE_FAMILY = "1,2";
			};
			name = Release;
		};
/* End XCBuildConfiguration section */

/* Begin XCConfigurationList section */
		B318C59821CB2CD5007E0C35 /* Build configuration list for PBXProject "KCNetworkDemo" */ = {
			isa = XCConfigurationList;
			buildConfigurations = (
				B318C5AD21CB2CD6007E0C35 /* Debug */,
				B318C5AE21CB2CD6007E0C35 /* Release */,
			);
			defaultConfigurationIsVisible = 0;
			defaultConfigurationName = Release;
		};
		B318C5AF21CB2CD6007E0C35 /* Build configuration list for PBXNativeTarget "KCNetworkDemo" */ = {
			isa = XCConfigurationList;
			buildConfigurations = (
				B318C5B021CB2CD6007E0C35 /* Debug */,
				B318C5B121CB2CD6007E0C35 /* Release */,
			);
			defaultConfigurationIsVisible = 0;
			defaultConfigurationName = Release;
		};
/* End XCConfigurationList section */
	};
	rootObject = B318C59521CB2CD5007E0C35 /* Project object */;
}
